
Microsoft Visual Studio Solution File, Format Version 12.00
# Visual Studio 2013
VisualStudioVersion = 12.0.21005.1
MinimumVisualStudioVersion = 10.0.40219.1
Project("{FAE04EC0-301F-11D3-BF4B-00C04F79EFBC}") = "ProyectoPNN1", "ProyectoPNN1\ProyectoPNN1.csproj", "{1D8E4D9D-4254-4F6B-9EA4-39B39FA685C9}"
EndProject
Project("{FAE04EC0-301F-11D3-BF4B-00C04F79EFBC}") = "CapaDatos", "CapaDatos\CapaDatos.csproj", "{E8835C83-D187-404E-A05F-D81015272DFC}"
EndProject
Project("{FAE04EC0-301F-11D3-BF4B-00C04F79EFBC}") = "CapaNegocio", "CapaNegocio\CapaNegocio.csproj", "{E4DC1242-B9CB-4E01-B437-5EEABE713D96}"
EndProject
Project("{FAE04EC0-301F-11D3-BF4B-00C04F79EFBC}") = "CapaPresentacion", "CapaPresentacion\CapaPresentacion.csproj", "{B53E29F8-19A1-461D-8FFF-8F725CEFBD76}"
EndProject
Global
	GlobalSection(SolutionConfigurationPlatforms) = preSolution
		Debug|Any CPU = Debug|Any CPU
		Release|Any CPU = Release|Any CPU
	EndGlobalSection
	GlobalSection(ProjectConfigurationPlatforms) = postSolution
		{1D8E4D9D-4254-4F6B-9EA4-39B39FA685C9}.Debug|Any CPU.ActiveCfg = Debug|Any CPU
		{1D8E4D9D-4254-4F6B-9EA4-39B39FA685C9}.Debug|Any CPU.Build.0 = Debug|Any CPU
		{1D8E4D9D-4254-4F6B-9EA4-39B39FA685C9}.Release|Any CPU.ActiveCfg = Release|Any CPU
		{1D8E4D9D-4254-4F6B-9EA4-39B39FA685C9}.Release|Any CPU.Build.0 = Release|Any CPU
		{E8835C83-D187-404E-A05F-D81015272DFC}.Debug|Any CPU.ActiveCfg = Debug|Any CPU
		{E8835C83-D187-404E-A05F-D81015272DFC}.Debug|Any CPU.Build.0 = Debug|Any CPU
		{E8835C83-D187-404E-A05F-D81015272DFC}.Release|Any CPU.ActiveCfg = Release|Any CPU
		{E8835C83-D187-404E-A05F-D81015272DFC}.Release|Any CPU.Build.0 = Release|Any CPU
		{E4DC1242-B9CB-4E01-B437-5EEABE713D96}.Debug|Any CPU.ActiveCfg = Debug|Any CPU
		{E4DC1242-B9CB-4E01-B437-5EEABE713D96}.Debug|Any CPU.Build.0 = Debug|Any CPU
		{E4DC1242-B9CB-4E01-B437-5EEABE713D96}.Release|Any CPU.ActiveCfg = Release|Any CPU
		{E4DC1242-B9CB-4E01-B437-5EEABE713D96}.Release|Any CPU.Build.0 = Release|Any CPU
		{B53E29F8-19A1-461D-8FFF-8F725CEFBD76}.Debug|Any CPU.ActiveCfg = Debug|Any CPU
		{B53E29F8-19A1-461D-8FFF-8F725CEFBD76}.Debug|Any CPU.Build.0 = Debug|Any CPU
		{B53E29F8-19A1-461D-8FFF-8F725CEFBD76}.Release|Any CPU.ActiveCfg = Release|Any CPU
		{B53E29F8-19A1-461D-8FFF-8F725CEFBD76}.Release|Any CPU.Build.0 = Release|Any CPU
	EndGlobalSection
	GlobalSection(SolutionProperties) = preSolution
		HideSolutionNode = FALSE
	EndGlobalSection
EndGlobal
